
Microsoft Visual Studio Solution File, Format Version 12.00
# Visual Studio 15
VisualStudioVersion = 15.0.26124.0
MinimumVisualStudioVersion = 15.0.26124.0
Project("{FAE04EC0-301F-11D3-BF4B-00C04F79EFBC}") = "morse.server", "morse.server\morse.server.csproj", "{77F2021E-AF69-4075-BA5E-50F8A76320D7}"
EndProject
Project("{FAE04EC0-301F-11D3-BF4B-00C04F79EFBC}") = "morse.client", "morse.client\morse.client.csproj", "{64B372F9-920D-4B69-8B14-8382AA299550}"
EndProject
Global
	GlobalSection(SolutionConfigurationPlatforms) = preSolution
		Debug|Any CPU = Debug|Any CPU
		Debug|x64 = Debug|x64
		Debug|x86 = Debug|x86
		Release|Any CPU = Release|Any CPU
		Release|x64 = Release|x64
		Release|x86 = Release|x86
	EndGlobalSection
	GlobalSection(SolutionProperties) = preSolution
		HideSolutionNode = FALSE
	EndGlobalSection
	GlobalSection(ProjectConfigurationPlatforms) = postSolution
		{77F2021E-AF69-4075-BA5E-50F8A76320D7}.Debug|Any CPU.ActiveCfg = Debug|Any CPU
		{77F2021E-AF69-4075-BA5E-50F8A76320D7}.Debug|Any CPU.Build.0 = Debug|Any CPU
		{77F2021E-AF69-4075-BA5E-50F8A76320D7}.Debug|x64.ActiveCfg = Debug|Any CPU
		{77F2021E-AF69-4075-BA5E-50F8A76320D7}.Debug|x64.Build.0 = Debug|Any CPU
		{77F2021E-AF69-4075-BA5E-50F8A76320D7}.Debug|x86.ActiveCfg = Debug|Any CPU
		{77F2021E-AF69-4075-BA5E-50F8A76320D7}.Debug|x86.Build.0 = Debug|Any CPU
		{77F2021E-AF69-4075-BA5E-50F8A76320D7}.Release|Any CPU.ActiveCfg = Release|Any CPU
		{77F2021E-AF69-4075-BA5E-50F8A76320D7}.Release|Any CPU.Build.0 = Release|Any CPU
		{77F2021E-AF69-4075-BA5E-50F8A76320D7}.Release|x64.ActiveCfg = Release|Any CPU
		{77F2021E-AF69-4075-BA5E-50F8A76320D7}.Release|x64.Build.0 = Release|Any CPU
		{77F2021E-AF69-4075-BA5E-50F8A76320D7}.Release|x86.ActiveCfg = Release|Any CPU
		{77F2021E-AF69-4075-BA5E-50F8A76320D7}.Release|x86.Build.0 = Release|Any CPU
		{64B372F9-920D-4B69-8B14-8382AA299550}.Debug|Any CPU.ActiveCfg = Debug|Any CPU
		{64B372F9-920D-4B69-8B14-8382AA299550}.Debug|Any CPU.Build.0 = Debug|Any CPU
		{64B372F9-920D-4B69-8B14-8382AA299550}.Debug|x64.ActiveCfg = Debug|Any CPU
		{64B372F9-920D-4B69-8B14-8382AA299550}.Debug|x64.Build.0 = Debug|Any CPU
		{64B372F9-920D-4B69-8B14-8382AA299550}.Debug|x86.ActiveCfg = Debug|Any CPU
		{64B372F9-920D-4B69-8B14-8382AA299550}.Debug|x86.Build.0 = Debug|Any CPU
		{64B372F9-920D-4B69-8B14-8382AA299550}.Release|Any CPU.ActiveCfg = Release|Any CPU
		{64B372F9-920D-4B69-8B14-8382AA299550}.Release|Any CPU.Build.0 = Release|Any CPU
		{64B372F9-920D-4B69-8B14-8382AA299550}.Release|x64.ActiveCfg = Release|Any CPU
		{64B372F9-920D-4B69-8B14-8382AA299550}.Release|x64.Build.0 = Release|Any CPU
		{64B372F9-920D-4B69-8B14-8382AA299550}.Release|x86.ActiveCfg = Release|Any CPU
		{64B372F9-920D-4B69-8B14-8382AA299550}.Release|x86.Build.0 = Release|Any CPU
	EndGlobalSection
EndGlobal
